# THIS IS AN AUTOGENERATED FILE. DO NOT EDIT THIS FILE DIRECTLY.
# yarn lockfile v1


camelcase-css@^2.0.0:
  version "2.0.0"
  resolved "https://registry.yarnpkg.com/camelcase-css/-/camelcase-css-2.0.0.tgz#76f0aed4924b9d3dde36adf14225c06d5a9835ae"

deepmerge@^2.1.0:
  version "2.1.0"
  resolved "https://registry.yarnpkg.com/deepmerge/-/deepmerge-2.1.0.tgz#511a54fff405fc346f0240bb270a3e9533a31102"

macaddress@^0.2.8:
  version "0.2.8"
  resolved "https://registry.yarnpkg.com/macaddress/-/macaddress-0.2.8.tgz#5904dc537c39ec6dbefeae902327135fa8511f12"

pretty-components-formatter@^1.0.1:
  version "1.0.1"
  resolved "https://registry.yarnpkg.com/pretty-components-formatter/-/pretty-components-formatter-1.0.1.tgz#6375756461aafe91369c4bdb55c38a12d0c876bb"
  dependencies:
    camelcase-css "^2.0.0"
    deepmerge "^2.1.0"
    uniqid "^4.1.1"

uniqid@^4.1.1:
  version "4.1.1"
  resolved "https://registry.yarnpkg.com/uniqid/-/uniqid-4.1.1.tgz#89220ddf6b751ae52b5f72484863528596bb84c1"
  dependencies:
    macaddress "^0.2.8"
